
Microsoft Visual Studio Solution File, Format Version 12.00
# Visual Studio 15
VisualStudioVersion = 15.0.28010.2026
MinimumVisualStudioVersion = 10.0.40219.1
Project("{FAE04EC0-301F-11D3-BF4B-00C04F79EFBC}") = "testeProgrammers", "src\testeProgrammers.csproj", "{1FD7CFF8-7A10-42B2-88AF-8CDAC4F9D816}"
EndProject
Global
	GlobalSection(SolutionConfigurationPlatforms) = preSolution
		Debug|Any CPU = Debug|Any CPU
		Release|Any CPU = Release|Any CPU
	EndGlobalSection
	GlobalSection(ProjectConfigurationPlatforms) = postSolution
		{BD517125-0F33-4AE8-AB86-554A4BE90505}.Debug|Any CPU.ActiveCfg = Debug|Any CPU
		{BD517125-0F33-4AE8-AB86-554A4BE90505}.Debug|Any CPU.Build.0 = Debug|Any CPU
		{BD517125-0F33-4AE8-AB86-554A4BE90505}.Release|Any CPU.ActiveCfg = Release|Any CPU
		{BD517125-0F33-4AE8-AB86-554A4BE90505}.Release|Any CPU.Build.0 = Release|Any CPU
		{1FD7CFF8-7A10-42B2-88AF-8CDAC4F9D816}.Debug|Any CPU.ActiveCfg = Debug|Any CPU
		{1FD7CFF8-7A10-42B2-88AF-8CDAC4F9D816}.Debug|Any CPU.Build.0 = Debug|Any CPU
		{1FD7CFF8-7A10-42B2-88AF-8CDAC4F9D816}.Release|Any CPU.ActiveCfg = Release|Any CPU
		{1FD7CFF8-7A10-42B2-88AF-8CDAC4F9D816}.Release|Any CPU.Build.0 = Release|Any CPU
	EndGlobalSection
	GlobalSection(SolutionProperties) = preSolution
		HideSolutionNode = FALSE
	EndGlobalSection
	GlobalSection(ExtensibilityGlobals) = postSolution
		SolutionGuid = {7B9D260B-DC2A-46FE-A667-6E1BEC62F535}
	EndGlobalSection
EndGlobal
